// !$*UTF8*$!
{
	archiveVersion = 1;
	classes = {
	};
	objectVersion = 50;
	objects = {

/* Begin PBXBuildFile section */
		C750D2492460032200DB003C /* AppDelegate.swift in Sources */ = {isa = PBXBuildFile; fileRef = C750D2482460032200DB003C /* AppDelegate.swift */; };
		C750D24B2460032200DB003C /* SceneDelegate.swift in Sources */ = {isa = PBXBuildFile; fileRef = C750D24A2460032200DB003C /* SceneDelegate.swift */; };
		C750D2502460032200DB003C /* Main.storyboard in Resources */ = {isa = PBXBuildFile; fileRef = C750D24E2460032200DB003C /* Main.storyboard */; };
		C750D2522460032400DB003C /* Assets.xcassets in Resources */ = {isa = PBXBuildFile; fileRef = C750D2512460032400DB003C /* Assets.xcassets */; };
		C750D2552460032400DB003C /* LaunchScreen.storyboard in Resources */ = {isa = PBXBuildFile; fileRef = C750D2532460032400DB003C /* LaunchScreen.storyboard */; };
		C7D041BD2461144900C953C2 /* GradientViewController.swift in Sources */ = {isa = PBXBuildFile; fileRef = C7D041BC2461144900C953C2 /* GradientViewController.swift */; };
		C7D041C32461194400C953C2 /* UserDefaultsKey.swift in Sources */ = {isa = PBXBuildFile; fileRef = C7D041C22461194400C953C2 /* UserDefaultsKey.swift */; };
/* End PBXBuildFile section */

/* Begin PBXFileReference section */
		C750D2452460032200DB003C /* GradientGenerator.app */ = {isa = PBXFileReference; explicitFileType = wrapper.application; includeInIndex = 0; path = GradientGenerator.app; sourceTree = BUILT_PRODUCTS_DIR; };
		C750D2482460032200DB003C /* AppDelegate.swift */ = {isa = PBXFileReference; lastKnownFileType = sourcecode.swift; path = AppDelegate.swift; sourceTree = "<group>"; };
		C750D24A2460032200DB003C /* SceneDelegate.swift */ = {isa = PBXFileReference; lastKnownFileType = sourcecode.swift; path = SceneDelegate.swift; sourceTree = "<group>"; };
		C750D24F2460032200DB003C /* Base */ = {isa = PBXFileReference; lastKnownFileType = file.storyboard; name = Base; path = Base.lproj/Main.storyboard; sourceTree = "<group>"; };
		C750D2512460032400DB003C /* Assets.xcassets */ = {isa = PBXFileReference; lastKnownFileType = folder.assetcatalog; path = Assets.xcassets; sourceTree = "<group>"; };
		C750D2542460032400DB003C /* Base */ = {isa = PBXFileReference; lastKnownFileType = file.storyboard; name = Base; path = Base.lproj/LaunchScreen.storyboard; sourceTree = "<group>"; };
		C750D2562460032400DB003C /* Info.plist */ = {isa = PBXFileReference; lastKnownFileType = text.plist.xml; path = Info.plist; sourceTree = "<group>"; };
		C7D041BC2461144900C953C2 /* GradientViewController.swift */ = {isa = PBXFileReference; lastKnownFileType = sourcecode.swift; path = GradientViewController.swift; sourceTree = "<group>"; };
		C7D041C22461194400C953C2 /* UserDefaultsKey.swift */ = {isa = PBXFileReference; lastKnownFileType = sourcecode.swift; path = UserDefaultsKey.swift; sourceTree = "<group>"; };
/* End PBXFileReference section */

/* Begin PBXFrameworksBuildPhase section */
		C750D2422460032200DB003C /* Frameworks */ = {
			isa = PBXFrameworksBuildPhase;
			buildActionMask = 2147483647;
			files = (
			);
			runOnlyForDeploymentPostprocessing = 0;
		};
/* End PBXFrameworksBuildPhase section */

/* Begin PBXGroup section */
		C750D23C2460032200DB003C = {
			isa = PBXGroup;
			children = (
				C750D2472460032200DB003C /* GradientGenerator */,
				C750D2462460032200DB003C /* Products */,
			);
			sourceTree = "<group>";
		};
		C750D2462460032200DB003C /* Products */ = {
			isa = PBXGroup;
			children = (
				C750D2452460032200DB003C /* GradientGenerator.app */,
			);
			name = Products;
			sourceTree = "<group>";
		};
		C750D2472460032200DB003C /* GradientGenerator */ = {
			isa = PBXGroup;
			children = (
				C750D2482460032200DB003C /* AppDelegate.swift */,
				C750D24A2460032200DB003C /* SceneDelegate.swift */,
				C7D041BC2461144900C953C2 /* GradientViewController.swift */,
				C7D041C22461194400C953C2 /* UserDefaultsKey.swift */,
				C750D24E2460032200DB003C /* Main.storyboard */,
				C750D2512460032400DB003C /* Assets.xcassets */,
				C750D2532460032400DB003C /* LaunchScreen.storyboard */,
				C750D2562460032400DB003C /* Info.plist */,
			);
			path = GradientGenerator;
			sourceTree = "<group>";
		};
/* End PBXGroup section */

/* Begin PBXNativeTarget section */
		C750D2442460032200DB003C /* GradientGenerator */ = {
			isa = PBXNativeTarget;
			buildConfigurationList = C750D2592460032400DB003C /* Build configuration list for PBXNativeTarget "GradientGenerator" */;
			buildPhases = (
				C750D2412460032200DB003C /* Sources */,
				C750D2422460032200DB003C /* Frameworks */,
				C750D2432460032200DB003C /* Resources */,
			);
			buildRules = (
			);
			dependencies = (
			);
			name = GradientGenerator;
			productName = GradientGenerator;
			productReference = C750D2452460032200DB003C /* GradientGenerator.app */;
			productType = "com.apple.product-type.application";
		};
/* End PBXNativeTarget section */

/* Begin PBXProject section */
		C750D23D2460032200DB003C /* Project object */ = {
			isa = PBXProject;
			attributes = {
				LastSwiftUpdateCheck = 1140;
				LastUpgradeCheck = 1140;
				ORGANIZATIONNAME = Yonghyun;
				TargetAttributes = {
					C750D2442460032200DB003C = {
						CreatedOnToolsVersion = 11.4.1;
					};
				};
			};
			buildConfigurationList = C750D2402460032200DB003C /* Build configuration list for PBXProject "GradientGenerator" */;
			compatibilityVersion = "Xcode 9.3";
			developmentRegion = en;
			hasScannedForEncodings = 0;
			knownRegions = (
				en,
				Base,
			);
			mainGroup = C750D23C2460032200DB003C;
			productRefGroup = C750D2462460032200DB003C /* Products */;
			projectDirPath = "";
			projectRoot = "";
			targets = (
				C750D2442460032200DB003C /* GradientGenerator */,
			);
		};
/* End PBXProject section */

/* Begin PBXResourcesBuildPhase section */
		C750D2432460032200DB003C /* Resources */ = {
			isa = PBXResourcesBuildPhase;
			buildActionMask = 2147483647;
			files = (
				C750D2552460032400DB003C /* LaunchScreen.storyboard in Resources */,
				C750D2522460032400DB003C /* Assets.xcassets in Resources */,
				C750D2502460032200DB003C /* Main.storyboard in Resources */,
			);
			runOnlyForDeploymentPostprocessing = 0;
		};
/* End PBXResourcesBuildPhase section */

/* Begin PBXSourcesBuildPhase section */
		C750D2412460032200DB003C /* Sources */ = {
			isa = PBXSourcesBuildPhase;
			buildActionMask = 2147483647;
			files = (
				C7D041C32461194400C953C2 /* UserDefaultsKey.swift in Sources */,
				C750D2492460032200DB003C /* AppDelegate.swift in Sources */,
				C750D24B2460032200DB003C /* SceneDelegate.swift in Sources */,
				C7D041BD2461144900C953C2 /* GradientViewController.swift in Sources */,
			);
			runOnlyForDeploymentPostprocessing = 0;
		};
/* End PBXSourcesBuildPhase section */

/* Begin PBXVariantGroup section */
		C750D24E2460032200DB003C /* Main.storyboard */ = {
			isa = PBXVariantGroup;
			children = (
				C750D24F2460032200DB003C /* Base */,
			);
			name = Main.storyboard;
			sourceTree = "<group>";
		};
		C750D2532460032400DB003C /* LaunchScreen.storyboard */ = {
			isa = PBXVariantGroup;
			children = (
				C750D2542460032400DB003C /* Base */,
			);
			name = LaunchScreen.storyboard;
			sourceTree = "<group>";
		};
/* End PBXVariantGroup section */

/* Begin XCBuildConfiguration section */
		C750D2572460032400DB003C /* Debug */ = {
			isa = XCBuildConfiguration;
			buildSettings = {
				ALWAYS_SEARCH_USER_PATHS = NO;
				CLANG_ANALYZER_NONNULL = YES;
				CLANG_ANALYZER_NUMBER_OBJECT_CONVERSION = YES_AGGRESSIVE;
				CLANG_CXX_LANGUAGE_STANDARD = "gnu++14";
				CLANG_CXX_LIBRARY = "libc++";
				CLANG_ENABLE_MODULES = YES;
				CLANG_ENABLE_OBJC_ARC = YES;
				CLANG_ENABLE_OBJC_WEAK = YES;
				CLANG_WARN_BLOCK_CAPTURE_AUTORELEASING = YES;
				CLANG_WARN_BOOL_CONVERSION = YES;
				CLANG_WARN_COMMA = YES;
				CLANG_WARN_CONSTANT_CONVERSION = YES;
				CLANG_WARN_DEPRECATED_OBJC_IMPLEMENTATIONS = YES;
				CLANG_WARN_DIRECT_OBJC_ISA_USAGE = YES_ERROR;
				CLANG_WARN_DOCUMENTATION_COMMENTS = YES;
				CLANG_WARN_EMPTY_BODY = YES;
				CLANG_WARN_ENUM_CONVERSION = YES;
				CLANG_WARN_INFINITE_RECURSION = YES;
				CLANG_WARN_INT_CONVERSION = YES;
				CLANG_WARN_NON_LITERAL_NULL_CONVERSION = YES;
				CLANG_WARN_OBJC_IMPLICIT_RETAIN_SELF = YES;
				CLANG_WARN_OBJC_LITERAL_CONVERSION = YES;
				CLANG_WARN_OBJC_ROOT_CLASS = YES_ERROR;
				CLANG_WARN_RANGE_LOOP_ANALYSIS = YES;
				CLANG_WARN_STRICT_PROTOTYPES = YES;
				CLANG_WARN_SUSPICIOUS_MOVE = YES;
				CLANG_WARN_UNGUARDED_AVAILABILITY = YES_AGGRESSIVE;
				CLANG_WARN_UNREACHABLE_CODE = YES;
				CLANG_WARN__DUPLICATE_METHOD_MATCH = YES;
				COPY_PHASE_STRIP = NO;
				DEBUG_INFORMATION_FORMAT = dwarf;
				ENABLE_STRICT_OBJC_MSGSEND = YES;
				ENABLE_TESTABILITY = YES;
				GCC_C_LANGUAGE_STANDARD = gnu11;
				GCC_DYNAMIC_NO_PIC = NO;
				GCC_NO_COMMON_BLOCKS = YES;
				GCC_OPTIMIZATION_LEVEL = 0;
				GCC_PREPROCESSOR_DEFINITIONS = (
					"DEBUG=1",
					"$(inherited)",
				);
				GCC_WARN_64_TO_32_BIT_CONVERSION = YES;
				GCC_WARN_ABOUT_RETURN_TYPE = YES_ERROR;
				GCC_WARN_UNDECLARED_SELECTOR = YES;
				GCC_WARN_UNINITIALIZED_AUTOS = YES_AGGRESSIVE;
				GCC_WARN_UNUSED_FUNCTION = YES;
				GCC_WARN_UNUSED_VARIABLE = YES;
				IPHONEOS_DEPLOYMENT_TARGET = 13.4;
				MTL_ENABLE_DEBUG_INFO = INCLUDE_SOURCE;
				MTL_FAST_MATH = YES;
				ONLY_ACTIVE_ARCH = YES;
				SDKROOT = iphoneos;
				SWIFT_ACTIVE_COMPILATION_CONDITIONS = DEBUG;
				SWIFT_OPTIMIZATION_LEVEL = "-Onone";
			};
			name = Debug;
		};
		C750D2582460032400DB003C /* Release */ = {
			isa = XCBuildConfiguration;
			buildSettings = {
				ALWAYS_SEARCH_USER_PATHS = NO;
				CLANG_ANALYZER_NONNULL = YES;
				CLANG_ANALYZER_NUMBER_OBJECT_CONVERSION = YES_AGGRESSIVE;
				CLANG_CXX_LANGUAGE_STANDARD = "gnu++14";
				CLANG_CXX_LIBRARY = "libc++";
				CLANG_ENABLE_MODULES = YES;
				CLANG_ENABLE_OBJC_ARC = YES;
				CLANG_ENABLE_OBJC_WEAK = YES;
				CLANG_WARN_BLOCK_CAPTURE_AUTORELEASING = YES;
				CLANG_WARN_BOOL_CONVERSION = YES;
				CLANG_WARN_COMMA = YES;
				CLANG_WARN_CONSTANT_CONVERSION = YES;
				CLANG_WARN_DEPRECATED_OBJC_IMPLEMENTATIONS = YES;
				CLANG_WARN_DIRECT_OBJC_ISA_USAGE = YES_ERROR;
				CLANG_WARN_DOCUMENTATION_COMMENTS = YES;
				CLANG_WARN_EMPTY_BODY = YES;
				CLANG_WARN_ENUM_CONVERSION = YES;
				CLANG_WARN_INFINITE_RECURSION = YES;
				CLANG_WARN_INT_CONVERSION = YES;
				CLANG_WARN_NON_LITERAL_NULL_CONVERSION = YES;
				CLANG_WARN_OBJC_IMPLICIT_RETAIN_SELF = YES;
				CLANG_WARN_OBJC_LITERAL_CONVERSION = YES;
				CLANG_WARN_OBJC_ROOT_CLASS = YES_ERROR;
				CLANG_WARN_RANGE_LOOP_ANALYSIS = YES;
				CLANG_WARN_STRICT_PROTOTYPES = YES;
				CLANG_WARN_SUSPICIOUS_MOVE = YES;
				CLANG_WARN_UNGUARDED_AVAILABILITY = YES_AGGRESSIVE;
				CLANG_WARN_UNREACHABLE_CODE = YES;
				CLANG_WARN__DUPLICATE_METHOD_MATCH = YES;
				COPY_PHASE_STRIP = NO;
				DEBUG_INFORMATION_FORMAT = "dwarf-with-dsym";
				ENABLE_NS_ASSERTIONS = NO;
				ENABLE_STRICT_OBJC_MSGSEND = YES;
				GCC_C_LANGUAGE_STANDARD = gnu11;
				GCC_NO_COMMON_BLOCKS = YES;
				GCC_WARN_64_TO_32_BIT_CONVERSION = YES;
				GCC_WARN_ABOUT_RETURN_TYPE = YES_ERROR;
				GCC_WARN_UNDECLARED_SELECTOR = YES;
				GCC_WARN_UNINITIALIZED_AUTOS = YES_AGGRESSIVE;
				GCC_WARN_UNUSED_FUNCTION = YES;
				GCC_WARN_UNUSED_VARIABLE = YES;
				IPHONEOS_DEPLOYMENT_TARGET = 13.4;
				MTL_ENABLE_DEBUG_INFO = NO;
				MTL_FAST_MATH = YES;
				SDKROOT = iphoneos;
				SWIFT_COMPILATION_MODE = wholemodule;
				SWIFT_OPTIMIZATION_LEVEL = "-O";
				VALIDATE_PRODUCT = YES;
			};
			name = Release;
		};
		C750D25A2460032400DB003C /* Debug */ = {
			isa = XCBuildConfiguration;
			buildSettings = {
				ASSETCATALOG_COMPILER_APPICON_NAME = AppIcon;
				CODE_SIGN_STYLE = Automatic;
				DEVELOPMENT_TEAM = 5WP2UJAGJQ;
				INFOPLIST_FILE = GradientGenerator/Info.plist;
				LD_RUNPATH_SEARCH_PATHS = (
					"$(inherited)",
					"@executable_path/Frameworks",
				);
				PRODUCT_BUNDLE_IDENTIFIER = lygon.GradientGenerator;
				PRODUCT_NAME = "$(TARGET_NAME)";
				SWIFT_VERSION = 5.0;
				TARGETED_DEVICE_FAMILY = "1,2";
			};
			name = Debug;
		};
		C750D25B2460032400DB003C /* Release */ = {
			isa = XCBuildConfiguration;
			buildSettings = {
				ASSETCATALOG_COMPILER_APPICON_NAME = AppIcon;
				CODE_SIGN_STYLE = Automatic;
				DEVELOPMENT_TEAM = 5WP2UJAGJQ;
				INFOPLIST_FILE = GradientGenerator/Info.plist;
				LD_RUNPATH_SEARCH_PATHS = (
					"$(inherited)",
					"@executable_path/Frameworks",
				);
				PRODUCT_BUNDLE_IDENTIFIER = lygon.GradientGenerator;
				PRODUCT_NAME = "$(TARGET_NAME)";
				SWIFT_VERSION = 5.0;
				TARGETED_DEVICE_FAMILY = "1,2";
			};
			name = Release;
		};
/* End XCBuildConfiguration section */

/* Begin XCConfigurationList section */
		C750D2402460032200DB003C /* Build configuration list for PBXProject "GradientGenerator" */ = {
			isa = XCConfigurationList;
			buildConfigurations = (
				C750D2572460032400DB003C /* Debug */,
				C750D2582460032400DB003C /* Release */,
			);
			defaultConfigurationIsVisible = 0;
			defaultConfigurationName = Release;
		};
		C750D2592460032400DB003C /* Build configuration list for PBXNativeTarget "GradientGenerator" */ = {
			isa = XCConfigurationList;
			buildConfigurations = (
				C750D25A2460032400DB003C /* Debug */,
				C750D25B2460032400DB003C /* Release */,
			);
			defaultConfigurationIsVisible = 0;
			defaultConfigurationName = Release;
		};
/* End XCConfigurationList section */
	};
	rootObject = C750D23D2460032200DB003C /* Project object */;
}
